
Microsoft Visual Studio Solution File, Format Version 12.00
# Visual Studio Version 17
VisualStudioVersion = 17.5.33516.290
MinimumVisualStudioVersion = 10.0.40219.1
Project("{FAE04EC0-301F-11D3-BF4B-00C04F79EFBC}") = "Weather ETS", "Weather ETS\Weather ETS.csproj", "{1D506A07-26D9-4697-B98E-4BA35F2AB8D8}"
EndProject
Global
	GlobalSection(SolutionConfigurationPlatforms) = preSolution
		Debug|Any CPU = Debug|Any CPU
		Release|Any CPU = Release|Any CPU
	EndGlobalSection
	GlobalSection(ProjectConfigurationPlatforms) = postSolution
		{1D506A07-26D9-4697-B98E-4BA35F2AB8D8}.Debug|Any CPU.ActiveCfg = Debug|Any CPU
		{1D506A07-26D9-4697-B98E-4BA35F2AB8D8}.Debug|Any CPU.Build.0 = Debug|Any CPU
		{1D506A07-26D9-4697-B98E-4BA35F2AB8D8}.Release|Any CPU.ActiveCfg = Release|Any CPU
		{1D506A07-26D9-4697-B98E-4BA35F2AB8D8}.Release|Any CPU.Build.0 = Release|Any CPU
	EndGlobalSection
	GlobalSection(SolutionProperties) = preSolution
		HideSolutionNode = FALSE
	EndGlobalSection
	GlobalSection(ExtensibilityGlobals) = postSolution
		SolutionGuid = {51227FE8-17E6-466F-9B3A-752B2C168CC4}
	EndGlobalSection
EndGlobal
